
Microsoft Visual Studio Solution File, Format Version 12.00
# Visual Studio Version 17
VisualStudioVersion = 17.8.34525.116
MinimumVisualStudioVersion = 10.0.40219.1
Project("{FAE04EC0-301F-11D3-BF4B-00C04F79EFBC}") = "GraphNetworks", "GraphNetworks\GraphNetworks.csproj", "{5185DB12-2BC3-47C6-8171-FDE7A6CD52CA}"
EndProject
Global
	GlobalSection(SolutionConfigurationPlatforms) = preSolution
		Debug|Any CPU = Debug|Any CPU
		Release|Any CPU = Release|Any CPU
	EndGlobalSection
	GlobalSection(ProjectConfigurationPlatforms) = postSolution
		{5185DB12-2BC3-47C6-8171-FDE7A6CD52CA}.Debug|Any CPU.ActiveCfg = Debug|Any CPU
		{5185DB12-2BC3-47C6-8171-FDE7A6CD52CA}.Debug|Any CPU.Build.0 = Debug|Any CPU
		{5185DB12-2BC3-47C6-8171-FDE7A6CD52CA}.Release|Any CPU.ActiveCfg = Release|Any CPU
		{5185DB12-2BC3-47C6-8171-FDE7A6CD52CA}.Release|Any CPU.Build.0 = Release|Any CPU
	EndGlobalSection
	GlobalSection(SolutionProperties) = preSolution
		HideSolutionNode = FALSE
	EndGlobalSection
	GlobalSection(ExtensibilityGlobals) = postSolution
		SolutionGuid = {3DFF8E6E-EB58-4CD9-8A62-CA01323073C2}
	EndGlobalSection
EndGlobal
